[[dependencies]]
name = "@openzeppelin-contracts"
version = "5.4.0"
url = "https://soldeer-revisions.s3.amazonaws.com/@openzeppelin-contracts/5_4_0_19-07-2025_08:59:41_contracts.zip"
checksum = "3dd38f17610dba4602bd008ee2cb551e51e97d7b4ce04e1ffdf853da832942fa"
integrity = "4eb0ef219d10ab5a5708adaae1132dc0a93ab6a193378486e842d606c989ff3e"

[[dependencies]]
name = "eth-infinitism-account-abstraction"
version = "0.8.0"
url = "https://soldeer-revisions.s3.amazonaws.com/eth-infinitism-account-abstraction/0_8_0_24-03-2025_13:49:05_eth-infinitism-account-abstraction-0.8.zip"
checksum = "305f34048fe928dacefb31a61baecae18eed43959f892d6a1b428eb46bb6afc9"
integrity = "8ffcb24a9c6089aef86df243251501b42928ace5cacfa3e47bb17e521ae67a1b"

[[dependencies]]
name = "forge-std"
version = "1.10.0"
url = "https://soldeer-revisions.s3.amazonaws.com/forge-std/1_10_0_02-08-2025_06:50:35_forge-std-1.10.zip"
checksum = "8cc59e92a7762c170c15f2102c4f3718106dfc78239978fe87c64f316740cc09"
integrity = "3fd441e2499c5cf04ef9b4126f52150a50dcef9cac1645ff7a955345e947cd04"

[[dependencies]]
name = "openzeppelin-foundry-upgrades"
version = "0.4.0"
url = "https://soldeer-revisions.s3.amazonaws.com/openzeppelin-foundry-upgrades/0_4_0_27-01-2025_18:32:41_openzeppelin-foundry-upgrades.zip"
checksum = "d38121a53a68c9a3e10032d37c712b28604a673c77b7186332f65c423e53cc45"
integrity = "7453d9ee76f1bbf72424354de766dd2a4af61ec33968b4e0da111e6d734943e2"
